# This file is autogenerated, do not edit; changes may be undone by the next 'dep ensure'.


[[projects]]
  digest = "1:ee9867ad9d8d6721071f27081e45f98d37bd21743308a0f029b01549ade2b390"
  name = "github.com/BurntSushi/toml"
  packages = ["."]
  pruneopts = "T"
  revision = "b26d9c308763d68093482582cea63d69be07a0f0"
  version = "v0.3.0"

[[projects]]
  digest = "1:beecb1a4d7c58eefef91ee32c9bc311dde58612af6dca3b626fd37b3bddc3706"
  name = "github.com/Shopify/sarama"
  packages = ["."]
  pruneopts = "T"
  revision = "ec843464b50d4c8b56403ec9d589cf41ea30e722"
  version = "v1.19.0"

[[projects]]
  digest = "1:e92f5581902c345eb4ceffdcd4a854fb8f73cf436d47d837d1ec98ef1fe0a214"
  name = "github.com/StackExchange/wmi"
  packages = ["."]
  pruneopts = "T"
  revision = "5d049714c4a64225c3c79a7cf7d02f7fb5b96338"
  version = "1.0.0"

[[projects]]
  digest = "1:f7c9da401cb69745997c5b27b596e65635703274c877b0f3e05eb68feef9a543"
  name = "github.com/aws/aws-sdk-go"
  packages = [
    "aws",
    "aws/awserr",
    "aws/awsutil",
    "aws/client",
    "aws/client/metadata",
    "aws/corehandlers",
    "aws/credentials",
    "aws/credentials/ec2rolecreds",
    "aws/credentials/endpointcreds",
    "aws/credentials/processcreds",
    "aws/credentials/stscreds",
    "aws/csm",
    "aws/defaults",
    "aws/ec2metadata",
    "aws/endpoints",
    "aws/request",
    "aws/session",
    "aws/signer/v4",
    "internal/ini",
    "internal/s3err",
    "internal/sdkio",
    "internal/sdkrand",
    "internal/sdkuri",
    "internal/shareddefaults",
    "private/protocol",
    "private/protocol/eventstream",
    "private/protocol/eventstream/eventstreamapi",
    "private/protocol/query",
    "private/protocol/query/queryutil",
    "private/protocol/rest",
    "private/protocol/restxml",
    "private/protocol/xml/xmlutil",
    "service/s3",
    "service/sts",
  ]
  pruneopts = "T"
  revision = "3991042237b45cf58c9d5f34295942d5533c28c6"
  version = "v1.16.11"

[[projects]]
  branch = "master"
  digest = "1:6086ab316320fa2767528a827f6e63fd6558a157582603f0a9a2f353bf2bbf62"
  name = "github.com/beorn7/perks"
  packages = ["quantile"]
  pruneopts = "T"
  revision = "4c0e84591b9aa9e6dcfdf3e020114cd81f89d5f9"

[[projects]]
  branch = "master"
  digest = "1:1080d62019d783a0e582b00f7b01216df64a889ecf9fa3751290721e00fc978a"
  name = "github.com/bgentry/go-netrc"
  packages = ["netrc"]
  pruneopts = "T"
  revision = "9fd32a8b3d3d3f9d43c341bfe098430e07609480"

[[projects]]
  digest = "1:7c82e25dc7775fb36e32688da22b0a3c75061b04bbef9bab2b32b47537813c2c"
  name = "github.com/coreos/etcd"
  packages = [
    "auth/authpb",
    "clientv3",
    "etcdserver/api/v3rpc/rpctypes",
    "etcdserver/etcdserverpb",
    "mvcc/mvccpb",
    "pkg/types",
  ]
  pruneopts = "T"
  revision = "28f3f26c0e303392556035b694f75768d449d33d"
  version = "v3.3.1"

[[projects]]
  branch = "master"
  digest = "1:4c93bb450aee389f1b143d473a96fc01fa1c8d87171c97b822acffab475b165d"
  name = "github.com/cznic/mathutil"
  packages = ["."]
  pruneopts = "T"
  revision = "297441e035482346a960053c9ea29669b13e1025"

[[projects]]
  digest = "1:52f195ad0e20a92d8604c1ba3cd246c61644c03eaa454b5acd41be89841e0d10"
  name = "github.com/davecgh/go-spew"
  packages = ["spew"]
  pruneopts = "T"
  revision = "346938d642f2ec3594ed81d874461961cd0faa76"
  version = "v1.1.0"

[[projects]]
  digest = "1:f411466b249469657f77244882de2824ded702ed8ef0a9144a3b30e0e5ccf845"
  name = "github.com/eapache/go-resiliency"
  packages = ["breaker"]
  pruneopts = "T"
  revision = "6800482f2c813e689c88b7ed3282262385011890"
  version = "v1.0.0"

[[projects]]
  branch = "master"
  digest = "1:2b55f08306f24f60dab51e006c1890db08d34ccc1b92c53a08a1a6e7792e3eb8"
  name = "github.com/eapache/go-xerial-snappy"
  packages = ["."]
  pruneopts = "T"
  revision = "bb955e01b9346ac19dc29eb16586c90ded99a98c"

[[projects]]
  digest = "1:444b82bfe35c83bbcaf84e310fb81a1f9ece03edfed586483c869e2c046aef69"
  name = "github.com/eapache/queue"
  packages = ["."]
  pruneopts = "T"
  revision = "44cc805cf13205b55f69e14bcb69867d1ae92f98"
  version = "v1.1.0"

[[projects]]
  digest = "1:7fc160b460a6fc506b37fcca68332464c3f2cd57b6e3f111f26c5bbfd2d5518e"
  name = "github.com/fsnotify/fsnotify"
  packages = ["."]
  pruneopts = "T"
  revision = "c2828203cd70a50dcccfb2761f8b1f8ceef9a8e9"
  version = "v1.4.7"

[[projects]]
  digest = "1:bf3e2f69dce5e2c2b869a1b44f7ad62f786a299aba3d9b7f182bb5d2bcabf43b"
  name = "github.com/go-ole/go-ole"
  packages = [
    ".",
    "oleutil",
  ]
  pruneopts = "T"
  revision = "39dc8486bd0952279431257138bc428275b86797"
  version = "v1.2.2"

[[projects]]
  digest = "1:d6bd34d9f9b8cb40469c1e5cca1e5d866f139f1c762e954f95d07e9f936aa86d"
  name = "github.com/go-sql-driver/mysql"
  packages = ["."]
  pruneopts = "T"
  revision = "d523deb1b23d913de5bdada721a6071e71283618"
  version = "v1.4.0"

[[projects]]
  digest = "1:70d654305f0a3eff119bfcff87b013ab5085d8a6489e4baf84b061e1cb606793"
  name = "github.com/gogo/protobuf"
  packages = [
    "gogoproto",
    "proto",
    "protoc-gen-gogo/descriptor",
  ]
  pruneopts = "T"
  revision = "342cbe0a04158f6dcb03ca0079991a51a4248c02"
  version = "v0.5"

[[projects]]
  branch = "master"
  digest = "1:01ab6c545140cb5c3c55dbc8ba8f3742c55431c1c06614195bf94809d68fea7a"
  name = "github.com/golang/mock"
  packages = ["gomock"]
  pruneopts = "T"
  revision = "e698a2ea17fee71b248fc2bba82fc544c2017f93"

[[projects]]
  branch = "master"
  digest = "1:00cc3887f1c48e11a03c224b13e06e596bc61277c56bcac50d2c70ce97ad6e6e"
  name = "github.com/golang/protobuf"
  packages = [
    "proto",
    "ptypes",
    "ptypes/any",
    "ptypes/duration",
    "ptypes/timestamp",
  ]
  pruneopts = "T"
  revision = "1e59b77b52bf8e4b449a57e6f79f21226d571845"

[[projects]]
  branch = "master"
  digest = "1:cf5bb7d7c59d8313289e5b756e24462cacd958d1e6db3bdbe1c800c677ad0f94"
  name = "github.com/golang/snappy"
  packages = ["."]
  pruneopts = "T"
  revision = "553a641470496b2327abcac10b36396bd98e45c9"

[[projects]]
  digest = "1:f47d6109c2034cb16bd62b220e18afd5aa9d5a1630fe5d937ad96a4fb7cbb277"
  name = "github.com/hashicorp/go-cleanhttp"
  packages = ["."]
  pruneopts = "T"
  revision = "e8ab9daed8d1ddd2d3c4efba338fe2eeae2e4f18"
  version = "v0.5.0"

[[projects]]
  branch = "master"
  digest = "1:63849c5c28f8b294e098f316de8dcd09e49d3c4871452a51a49c14b345b0a2ac"
  name = "github.com/hashicorp/go-getter"
  packages = [
    ".",
    "helper/url",
  ]
  pruneopts = "T"
  revision = "be39683deade1b3613258f751a2fad316d7b5e7c"

[[projects]]
  digest = "1:605c47454db9040e30b20dc1b29e3e9d42d6ee742545729cdef74afb1b898ad0"
  name = "github.com/hashicorp/go-safetemp"
  packages = ["."]
  pruneopts = "T"
  revision = "c9a55de4fe06c920a71964b53cfe3dd293a3c743"
  version = "v1.0.0"

[[projects]]
  digest = "1:77395dd3847dac9c45118c668f5dab85aedf0163dc3b38aea6578c5cf0d502f9"
  name = "github.com/hashicorp/go-version"
  packages = ["."]
  pruneopts = "T"
  revision = "b5a281d3160aa11950a6182bd9a9dc2cb1e02d50"
  version = "v1.0.0"

[[projects]]
  digest = "1:52885e16e8412eb69db7d8d4255cb3214b70ffaef144cad91e9737684f838936"
  name = "github.com/jinzhu/gorm"
  packages = [
    ".",
    "dialects/mysql",
  ]
  pruneopts = "T"
  revision = "5174cc5c242a728b435ea2be8a2f7f998e15429b"
  version = "v1.0"

[[projects]]
  branch = "master"
  digest = "1:2cf1e05311b662e68d938f6655c6c5a44ae0e6b3995e390c75fcd8224afa48df"
  name = "github.com/jinzhu/inflection"
  packages = ["."]
  pruneopts = "T"
  revision = "1c35d901db3da928c72a72d8458480cc9ade058f"

[[projects]]
  digest = "1:b3f2dea8fe8eadb5833f7c8a2ef35dae07308bf7a4d0fee7f37774314e1964d3"
  name = "github.com/jmespath/go-jmespath"
  packages = ["."]
  pruneopts = "T"
  revision = "c2b33e84"

[[projects]]
  digest = "1:5d713dbcad44f3358fec51fd5573d4f733c02cac5a40dcb177787ad5ffe9272f"
  name = "github.com/json-iterator/go"
  packages = ["."]
  pruneopts = "T"
  revision = "1624edc4454b8682399def8740d46db5e4362ba4"
  version = "v1.1.5"

[[projects]]
  branch = "master"
  digest = "1:70107cf7ee5eb9e3c3dabe65bcb220bff22ee42e32d9b7fca988e16b8727cacc"
  name = "github.com/juju/errors"
  packages = ["."]
  pruneopts = "T"
  revision = "c7d06af17c68cd34c835053720b21f6549d9b0ee"

[[projects]]
  digest = "1:4a83abc6be2399d91925b820f56ec273770d0768a90a10a6d2b132a2dfc51aa8"
  name = "github.com/matttproud/golang_protobuf_extensions"
  packages = ["pbutil"]
  pruneopts = "T"
  revision = "3247c84500bff8d9fb6d579d800f20b3e091582c"
  version = "v1.0.0"

[[projects]]
  digest = "1:78bbb1ba5b7c3f2ed0ea1eab57bdd3859aec7e177811563edc41198a760b06af"
  name = "github.com/mitchellh/go-homedir"
  packages = ["."]
  pruneopts = "T"
  revision = "ae18d6b8b3205b561c79e8e5f69bff09736185f4"
  version = "v1.0.0"

[[projects]]
  digest = "1:42eb1f52b84a06820cedc9baec2e710bfbda3ee6dac6cdb97f8b9a5066134ec6"
  name = "github.com/mitchellh/go-testing-interface"
  packages = ["."]
  pruneopts = "T"
  revision = "6d0b8010fcc857872e42fc6c931227569016843c"
  version = "v1.0.0"

[[projects]]
  digest = "1:53bc4cd4914cd7cd52139990d5170d6dc99067ae31c56530621b18b35fc30318"
  name = "github.com/mitchellh/mapstructure"
  packages = ["."]
  pruneopts = "T"
  revision = "3536a929edddb9a5b34bd6861dc4a9647cb459fe"
  version = "v1.1.2"

[[projects]]
  digest = "1:33422d238f147d247752996a26574ac48dcf472976eda7f5134015f06bf16563"
  name = "github.com/modern-go/concurrent"
  packages = ["."]
  pruneopts = "T"
  revision = "bacd9c7ef1dd9b15be4a9909b8ac7a4e313eec94"
  version = "1.0.3"

[[projects]]
  digest = "1:e32bdbdb7c377a07a9a46378290059822efdce5c8d96fe71940d87cb4f918855"
  name = "github.com/modern-go/reflect2"
  packages = ["."]
  pruneopts = "T"
  revision = "4b7aa43c6742a2c18fdef89dd197aaae7dac7ccd"
  version = "1.0.1"

[[projects]]
  digest = "1:0e65a0b6d1aa037a552285666ed4ed79c1c1944c95d3123750f618920ade9033"
  name = "github.com/onsi/ginkgo"
  packages = [
    ".",
    "config",
    "internal/codelocation",
    "internal/containernode",
    "internal/failer",
    "internal/leafnodes",
    "internal/remote",
    "internal/spec",
    "internal/spec_iterator",
    "internal/specrunner",
    "internal/suite",
    "internal/testingtproxy",
    "internal/writer",
    "reporters",
    "reporters/stenographer",
    "reporters/stenographer/support/go-colorable",
    "reporters/stenographer/support/go-isatty",
    "types",
  ]
  pruneopts = "T"
  revision = "9eda700730cba42af70d53180f9dcce9266bc2bc"
  version = "v1.4.0"

[[projects]]
  digest = "1:e888ccf1bd58db294bb6c6097d093eef6d0c039419de37ffdb74ba216f788970"
  name = "github.com/onsi/gomega"
  packages = [
    ".",
    "format",
    "gstruct",
    "gstruct/errors",
    "internal/assertion",
    "internal/asyncassertion",
    "internal/oraclematcher",
    "internal/testingtsupport",
    "matchers",
    "matchers/support/goraph/bipartitegraph",
    "matchers/support/goraph/edge",
    "matchers/support/goraph/node",
    "matchers/support/goraph/util",
    "types",
  ]
  pruneopts = "T"
  revision = "c893efa28eb45626cdaa76c9f653b62488858837"
  version = "v1.2.0"

[[projects]]
  digest = "1:13133d4fbb2910390ad841db3a22c5cb30bacd43a120f9e47042c2e93b93fe32"
  name = "github.com/pierrec/lz4"
  packages = ["."]
  pruneopts = "T"
  revision = "08c27939df1bd95e881e2c2367a749964ad1fceb"
  version = "v1.0.1"

[[projects]]
  digest = "1:f769d2bdf0d6d18eb8db838559d71d039fc0692824a31415259137a87f08aeb9"
  name = "github.com/pierrec/xxHash"
  packages = ["xxHash32"]
  pruneopts = "T"
  revision = "f051bb7f1d1aaf1b5a665d74fb6b0217712c69f7"
  version = "v0.1.1"

[[projects]]
  digest = "1:ea261e1479d92802a6e274d33c126d54c12edec06c36bf0999d04aeca936f184"
  name = "github.com/pingcap/errors"
  packages = ["."]
  pruneopts = "T"
  revision = "1176802fff62540cc87d289bd40c52a2d6b2ea16"
  version = "v0.11.0"

[[projects]]
  branch = "master"
  digest = "1:20b0d5f100d9373f4cffc2914dde36b6cd4120b5c0af74e59a4cbed0268e18d1"
  name = "github.com/pingcap/parser"
  packages = [
    ".",
    "ast",
    "auth",
    "charset",
    "format",
    "model",
    "mysql",
    "opcode",
    "terror",
    "types",
  ]
  pruneopts = "T"
  revision = "fdccc3290b115557ceee44e21578b58005666fbf"

[[projects]]
  branch = "master"
  digest = "1:6b42b67c9210b35d20ffc4b937f2aa9d66d1625503e68119ed0490af632aa9c5"
  name = "github.com/pingcap/tidb"
  packages = [
    "sessionctx/stmtctx",
    "types",
    "types/json",
    "types/parser_driver",
    "util/execdetails",
    "util/hack",
    "util/memory",
  ]
  pruneopts = "T"
  revision = "32cfaf1dcc74fe627d67facebc92150b84b3deaf"

[[projects]]
  branch = "master"
  digest = "1:65cff312e6a21a97855211414cf35cf1c2c5a3fcf5dac668155f042a0c0876e8"
  name = "github.com/pingcap/tipb"
  packages = [
    "go-tipb",
    "sharedbytes",
  ]
  pruneopts = "T"
  revision = "a7fd2aaa9719b64c2de3f6c6cd7cb235cb701b56"

[[projects]]
  digest = "1:22aa691fe0213cb5c07d103f9effebcb7ad04bee45a0ce5fe5369d0ca2ec3a1f"
  name = "github.com/pmezard/go-difflib"
  packages = ["difflib"]
  pruneopts = "T"
  revision = "792786c7400a136282c1664665ae0a8db921c6c2"
  version = "v1.0.0"

[[projects]]
  digest = "1:3b5729e3fc486abc6fc16ce026331c3d196e788c3b973081ecf5d28ae3e1050d"
  name = "github.com/prometheus/client_golang"
  packages = [
    "prometheus",
    "prometheus/internal",
    "prometheus/promhttp",
  ]
  pruneopts = "T"
  revision = "505eaef017263e299324067d40ca2c48f6a2cf50"
  version = "v0.9.2"

[[projects]]
  branch = "master"
  digest = "1:60aca47f4eeeb972f1b9da7e7db51dee15ff6c59f7b401c1588b8e6771ba15ef"
  name = "github.com/prometheus/client_model"
  packages = ["go"]
  pruneopts = "T"
  revision = "99fa1f4be8e564e8a6b613da7fa6f46c9edafc6c"

[[projects]]
  branch = "master"
  digest = "1:ba39ff650ba467cf7cb657617f847f235f11355c977d70dc9b3df5e025a0a6e4"
  name = "github.com/prometheus/common"
  packages = [
    "expfmt",
    "internal/bitbucket.org/ww/goautoneg",
    "model",
  ]
  pruneopts = "T"
  revision = "2e54d0b93cba2fd133edc32211dcc32c06ef72ca"

[[projects]]
  branch = "master"
  digest = "1:e353cbf6c0aee215d3292436d84f8ba2fb97a1a80f2dbb698e69377a3b39dfee"
  name = "github.com/prometheus/procfs"
  packages = [
    ".",
    "xfs",
  ]
  pruneopts = "T"
  revision = "a6e9df898b1336106c743392c48ee0b71f5c4efa"

[[projects]]
  branch = "master"
  digest = "1:5008fc15d42683056cbb628a5d10acda3b3b88d720573893adc42d0f5fce4cb5"
  name = "github.com/rcrowley/go-metrics"
  packages = ["."]
  pruneopts = "T"
  revision = "e181e095bae94582363434144c61a9653aff6e50"

[[projects]]
  branch = "master"
  digest = "1:0db53e5fe1c28511a5f4fd46c4be0b63d63f05e4f40c9f7371463b169f3d8b7e"
  name = "github.com/remyoudompheng/bigfft"
  packages = ["."]
  pruneopts = "T"
  revision = "52369c62f4463a21c8ff8531194c5526322b8521"

[[projects]]
  digest = "1:34a99dd0852c5c9c16e9b86884e9e0cb3e4a7a01df4dea7913f85ea7fb786bbe"
  name = "github.com/satori/go.uuid"
  packages = ["."]
  pruneopts = "T"
  revision = "879c5887cd475cd7864858769793b2ceb0d44feb"
  version = "v1.1.0"

[[projects]]
  branch = "master"
  digest = "1:52a20d0c1ef4df03c40e11c566840890c52a3bbbcb64a1f3f56c6a84e09b50ed"
  name = "github.com/serialx/hashring"
  packages = ["."]
  pruneopts = "T"
  revision = "6a9381c5a83e926b9f1fd907395a581e69747e96"

[[projects]]
  digest = "1:a1470f6aaaaf46555f0b1a71d710954b6ff7a1d602cca7047b1201378b375848"
  name = "github.com/shirou/gopsutil"
  packages = [
    "internal/common",
    "mem",
  ]
  pruneopts = "T"
  revision = "ccc1c1016bc5d10e803189ee43417c50cdde7f1b"
  version = "v2.18.12"

[[projects]]
  digest = "1:81e02c4edb639c80559c0650f9401d3e2dcc3256d1fa215382bb7c83c1db9126"
  name = "github.com/shopspring/decimal"
  packages = ["."]
  pruneopts = "T"
  revision = "cd690d0c9e2447b1ef2a129a6b7b49077da89b8e"
  version = "1.1.0"

[[projects]]
  branch = "master"
  digest = "1:0df3c5b42fc642fadec4766b8f199fd1ef5e621f1095b86afd68078c67e860d6"
  name = "github.com/siddontang/go"
  packages = [
    "hack",
    "sync2",
  ]
  pruneopts = "T"
  revision = "cb568a3e5cc06256f91a2da5a87455f717eb33f4"

[[projects]]
  branch = "master"
  digest = "1:7b44607400adacc24328930e49122b1ef1e289f2e53ab34a15d2fbee93153fb7"
  name = "github.com/siddontang/go-mysql"
  packages = [
    "client",
    "mysql",
    "packet",
    "replication",
  ]
  pruneopts = "T"
  revision = "1211118e056174bd2c50e170788535edb2cc8a47"
  source = "github.com/zhaohaidao/go-mysql"

[[projects]]
  digest = "1:ecd80184c49d481d066c1ffba775e60915aa551260736f849318780383d410a0"
  name = "github.com/sirupsen/logrus"
  packages = ["."]
  pruneopts = "T"
  revision = "f006c2ac4710855cf0f916dd6b77acf6b048dc6e"
  version = "v1.0.3"

[[projects]]
  digest = "1:e95496462101745805bd4e041a5b841e108c7cf761264d53648246308de2761e"
  name = "github.com/stretchr/testify"
  packages = [
    "assert",
    "require",
  ]
  pruneopts = "T"
  revision = "f35b8ab0b5a2cef36673838d662e249dd9c94686"
  version = "v1.2.2"

[[projects]]
  digest = "1:b99e81bbdc81bf88e4ab5944449d714854541cee589dc69475d3a58a8085aafa"
  name = "github.com/ulikunitz/xz"
  packages = [
    ".",
    "internal/hash",
    "internal/xlog",
    "lzma",
  ]
  pruneopts = "T"
  revision = "590df8077fbcb06ad62d7714da06c00e5dd2316d"
  version = "v0.5.5"

[[projects]]
  branch = "master"
  digest = "1:bda1f9fe7774815f97ed447f00e5894aaa1defc1f5e128972177d2b5bcc761d2"
  name = "golang.org/x/crypto"
  packages = ["ssh/terminal"]
  pruneopts = "T"
  revision = "94eea52f7b742c7cbe0b03b22f0c4c8631ece122"

[[projects]]
  branch = "master"
  digest = "1:286a078a4de0e57bbb0e4bcd540a77c2fb0400af6fb474b6d8cddc973fa0dfe0"
  name = "golang.org/x/net"
  packages = [
    "context",
    "html",
    "html/atom",
    "html/charset",
    "http2",
    "http2/hpack",
    "idna",
    "internal/timeseries",
    "lex/httplex",
    "trace",
  ]
  pruneopts = "T"
  revision = "a8b9294777976932365dabb6640cf1468d95c70f"

[[projects]]
  branch = "master"
  digest = "1:e194e1af5851fab686b58bcca29ddf7680700b69553eac95533aa18d2c25a67b"
  name = "golang.org/x/sys"
  packages = [
    "unix",
    "windows",
  ]
  pruneopts = "T"
  revision = "8b4580aae2a0dd0c231a45d3ccb8434ff533b840"

[[projects]]
  branch = "master"
  digest = "1:ccf14977cd23bbba1dc759147c144eca29fff9c7ed5c8d7125db4543b13623cf"
  name = "golang.org/x/text"
  packages = [
    "collate",
    "collate/build",
    "encoding",
    "encoding/charmap",
    "encoding/htmlindex",
    "encoding/internal",
    "encoding/internal/identifier",
    "encoding/japanese",
    "encoding/korean",
    "encoding/simplifiedchinese",
    "encoding/traditionalchinese",
    "encoding/unicode",
    "internal/colltab",
    "internal/gen",
    "internal/tag",
    "internal/triegen",
    "internal/ucd",
    "internal/utf8internal",
    "language",
    "runes",
    "secure/bidirule",
    "transform",
    "unicode/bidi",
    "unicode/cldr",
    "unicode/norm",
    "unicode/rangetable",
  ]
  pruneopts = "T"
  revision = "75cc3cad82b5f47d3fb229ddda8c5167da14f294"

[[projects]]
  digest = "1:57110331f17b52e924ef93f28e20a2dd67101a487e578d02cd48af7dd357e6fe"
  name = "google.golang.org/appengine"
  packages = ["cloudsql"]
  pruneopts = "T"
  revision = "b1f26356af11148e710935ed1ac8a7f5702c7612"
  version = "v1.1.0"

[[projects]]
  branch = "master"
  digest = "1:5fd3150780f0f57f96eb1398b599506711c94c4e4a515842049b614f9b890e00"
  name = "google.golang.org/genproto"
  packages = ["googleapis/rpc/status"]
  pruneopts = "T"
  revision = "a8101f21cf983e773d0c1133ebc5424792003214"

[[projects]]
  digest = "1:6ea1cad61fad02bf8374bac0f91a93aed7807044281a8c64252ce8b578c92ad6"
  name = "google.golang.org/grpc"
  packages = [
    ".",
    "balancer",
    "balancer/base",
    "balancer/roundrobin",
    "codes",
    "connectivity",
    "credentials",
    "encoding",
    "grpclb/grpc_lb_v1/messages",
    "grpclog",
    "health/grpc_health_v1",
    "internal",
    "keepalive",
    "metadata",
    "naming",
    "peer",
    "resolver",
    "resolver/dns",
    "resolver/passthrough",
    "stats",
    "status",
    "tap",
    "transport",
  ]
  pruneopts = "T"
  revision = "7cea4cc846bcf00cbb27595b07da5de875ef7de9"
  version = "v1.9.1"

[[projects]]
  digest = "1:9e96087ee84ca7a3e93c8df64360fdbfc892b2d9147eddbda5cb4ac421f1f6e2"
  name = "gopkg.in/DATA-DOG/go-sqlmock.v1"
  packages = ["."]
  pruneopts = "T"
  revision = "d76b18b42f285b792bf985118980ce9eacea9d10"
  version = "v1.3.0"

[[projects]]
  branch = "master"
  digest = "1:1c2b2f3918a719de530bd184a55b1a44013b94bab9951f4889a705e552ba3c61"
  name = "gopkg.in/birkirb/loggers.v1"
  packages = [
    ".",
    "log",
    "mappers",
    "mappers/stdlib",
  ]
  pruneopts = "T"
  revision = "fa51471f8169216876525e7b6c9fbd0c8789b57a"
  source = "https://github.com/siddontang/loggers.git"

[[projects]]
  branch = "v2"
  digest = "1:a408d15205171c9623ae8b1b3f221ff1c9fbaf003bb46275d4cb1e3ba9f68508"
  name = "gopkg.in/mgo.v2"
  packages = [
    ".",
    "bson",
    "internal/json",
    "internal/sasl",
    "internal/scram",
  ]
  pruneopts = "T"
  revision = "3f83fa5005286a7fe593b055f0d7771a7dce4655"

[[projects]]
  digest = "1:c805e517269b0ba4c21ded5836019ed7d16953d4026cb7d00041d039c7906be9"
  name = "gopkg.in/natefinch/lumberjack.v2"
  packages = ["."]
  pruneopts = "T"
  revision = "a96e63847dc3c67d17befa69c303767e2f84e54f"
  version = "v2.1"

[[projects]]
  branch = "v2"
  digest = "1:c46d0fb245dbc49cb816b3e2818d1830e29d03bee1663b1e201f3ed918ec6e60"
  name = "gopkg.in/yaml.v2"
  packages = ["."]
  pruneopts = "T"
  revision = "287cf08546ab5e7e37d55a84f7ed3fd1db036de5"

[solve-meta]
  analyzer-name = "dep"
  analyzer-version = 1
  input-imports = [
    "github.com/BurntSushi/toml",
    "github.com/Shopify/sarama",
    "github.com/coreos/etcd/clientv3",
    "github.com/coreos/etcd/mvcc/mvccpb",
    "github.com/fsnotify/fsnotify",
    "github.com/go-sql-driver/mysql",
    "github.com/golang/mock/gomock",
    "github.com/golang/protobuf/proto",
    "github.com/hashicorp/go-getter",
    "github.com/jinzhu/gorm",
    "github.com/jinzhu/gorm/dialects/mysql",
    "github.com/json-iterator/go",
    "github.com/juju/errors",
    "github.com/mitchellh/mapstructure",
    "github.com/onsi/ginkgo",
    "github.com/onsi/gomega",
    "github.com/onsi/gomega/gstruct",
    "github.com/pingcap/errors",
    "github.com/pingcap/parser",
    "github.com/pingcap/parser/ast",
    "github.com/pingcap/parser/model",
    "github.com/pingcap/tidb/types/parser_driver",
    "github.com/prometheus/client_golang/prometheus",
    "github.com/prometheus/client_golang/prometheus/promhttp",
    "github.com/satori/go.uuid",
    "github.com/serialx/hashring",
    "github.com/shopspring/decimal",
    "github.com/siddontang/go-mysql/mysql",
    "github.com/siddontang/go-mysql/replication",
    "github.com/siddontang/go/sync2",
    "github.com/sirupsen/logrus",
    "github.com/stretchr/testify/assert",
    "github.com/stretchr/testify/require",
    "golang.org/x/net/context",
    "google.golang.org/grpc",
    "gopkg.in/DATA-DOG/go-sqlmock.v1",
    "gopkg.in/mgo.v2",
    "gopkg.in/mgo.v2/bson",
    "gopkg.in/natefinch/lumberjack.v2",
  ]
  solver-name = "gps-cdcl"
  solver-version = 1
