# This file is autogenerated, do not edit; changes may be undone by the next 'dep ensure'.


[[projects]]
  digest = "1:ee9867ad9d8d6721071f27081e45f98d37bd21743308a0f029b01549ade2b390"
  name = "github.com/BurntSushi/toml"
  packages = ["."]
  pruneopts = "T"
  revision = "b26d9c308763d68093482582cea63d69be07a0f0"
  version = "v0.3.0"

[[projects]]
  digest = "1:beecb1a4d7c58eefef91ee32c9bc311dde58612af6dca3b626fd37b3bddc3706"
  name = "github.com/Shopify/sarama"
  packages = ["."]
  pruneopts = "T"
  revision = "ec843464b50d4c8b56403ec9d589cf41ea30e722"
  version = "v1.19.0"

[[projects]]
  digest = "1:f7c9da401cb69745997c5b27b596e65635703274c877b0f3e05eb68feef9a543"
  name = "github.com/aws/aws-sdk-go"
  packages = [
    "aws",
    "aws/awserr",
    "aws/awsutil",
    "aws/client",
    "aws/client/metadata",
    "aws/corehandlers",
    "aws/credentials",
    "aws/credentials/ec2rolecreds",
    "aws/credentials/endpointcreds",
    "aws/credentials/processcreds",
    "aws/credentials/stscreds",
    "aws/csm",
    "aws/defaults",
    "aws/ec2metadata",
    "aws/endpoints",
    "aws/request",
    "aws/session",
    "aws/signer/v4",
    "internal/ini",
    "internal/s3err",
    "internal/sdkio",
    "internal/sdkrand",
    "internal/sdkuri",
    "internal/shareddefaults",
    "private/protocol",
    "private/protocol/eventstream",
    "private/protocol/eventstream/eventstreamapi",
    "private/protocol/query",
    "private/protocol/query/queryutil",
    "private/protocol/rest",
    "private/protocol/restxml",
    "private/protocol/xml/xmlutil",
    "service/s3",
    "service/sts",
  ]
  pruneopts = "T"
  revision = "3991042237b45cf58c9d5f34295942d5533c28c6"
  version = "v1.16.11"

[[projects]]
  branch = "master"
  digest = "1:6086ab316320fa2767528a827f6e63fd6558a157582603f0a9a2f353bf2bbf62"
  name = "github.com/beorn7/perks"
  packages = ["quantile"]
  pruneopts = "T"
  revision = "4c0e84591b9aa9e6dcfdf3e020114cd81f89d5f9"

[[projects]]
  branch = "master"
  digest = "1:1080d62019d783a0e582b00f7b01216df64a889ecf9fa3751290721e00fc978a"
  name = "github.com/bgentry/go-netrc"
  packages = ["netrc"]
  pruneopts = "T"
  revision = "9fd32a8b3d3d3f9d43c341bfe098430e07609480"

[[projects]]
  digest = "1:7c82e25dc7775fb36e32688da22b0a3c75061b04bbef9bab2b32b47537813c2c"
  name = "github.com/coreos/etcd"
  packages = [
    "auth/authpb",
    "clientv3",
    "etcdserver/api/v3rpc/rpctypes",
    "etcdserver/etcdserverpb",
    "mvcc/mvccpb",
    "pkg/types",
  ]
  pruneopts = "T"
  revision = "28f3f26c0e303392556035b694f75768d449d33d"
  version = "v3.3.1"

[[projects]]
  digest = "1:52f195ad0e20a92d8604c1ba3cd246c61644c03eaa454b5acd41be89841e0d10"
  name = "github.com/davecgh/go-spew"
  packages = ["spew"]
  pruneopts = "T"
  revision = "346938d642f2ec3594ed81d874461961cd0faa76"
  version = "v1.1.0"

[[projects]]
  digest = "1:f411466b249469657f77244882de2824ded702ed8ef0a9144a3b30e0e5ccf845"
  name = "github.com/eapache/go-resiliency"
  packages = ["breaker"]
  pruneopts = "T"
  revision = "6800482f2c813e689c88b7ed3282262385011890"
  version = "v1.0.0"

[[projects]]
  branch = "master"
  digest = "1:2b55f08306f24f60dab51e006c1890db08d34ccc1b92c53a08a1a6e7792e3eb8"
  name = "github.com/eapache/go-xerial-snappy"
  packages = ["."]
  pruneopts = "T"
  revision = "bb955e01b9346ac19dc29eb16586c90ded99a98c"

[[projects]]
  digest = "1:444b82bfe35c83bbcaf84e310fb81a1f9ece03edfed586483c869e2c046aef69"
  name = "github.com/eapache/queue"
  packages = ["."]
  pruneopts = "T"
  revision = "44cc805cf13205b55f69e14bcb69867d1ae92f98"
  version = "v1.1.0"

[[projects]]
  digest = "1:7fc160b460a6fc506b37fcca68332464c3f2cd57b6e3f111f26c5bbfd2d5518e"
  name = "github.com/fsnotify/fsnotify"
  packages = ["."]
  pruneopts = "T"
  revision = "c2828203cd70a50dcccfb2761f8b1f8ceef9a8e9"
  version = "v1.4.7"

[[projects]]
  digest = "1:2cd7915ab26ede7d95b8749e6b1f933f1c6d5398030684e6505940a10f31cfda"
  name = "github.com/ghodss/yaml"
  packages = ["."]
  pruneopts = "T"
  revision = "0ca9ea5df5451ffdf184b4428c902747c2c11cd7"
  version = "v1.0.0"

[[projects]]
  branch = "master"
  digest = "1:36fe9527deed01d2a317617e59304eb2c4ce9f8a24115bcc5c2e37b3aee5bae4"
  name = "github.com/gin-contrib/sse"
  packages = ["."]
  pruneopts = "T"
  revision = "22d885f9ecc78bf4ee5d72b937e4bbcdc58e8cae"

[[projects]]
  digest = "1:bbbb5d4512c3c5176adb7aad164136e9f6f145c362030010cb1954b1dc76937d"
  name = "github.com/gin-gonic/gin"
  packages = [
    ".",
    "binding",
    "render",
  ]
  pruneopts = "T"
  revision = "d459835d2b077e44f7c9b453505ee29881d5d12d"
  version = "v1.2"

[[projects]]
  digest = "1:d6bd34d9f9b8cb40469c1e5cca1e5d866f139f1c762e954f95d07e9f936aa86d"
  name = "github.com/go-sql-driver/mysql"
  packages = ["."]
  pruneopts = "T"
  revision = "d523deb1b23d913de5bdada721a6071e71283618"
  version = "v1.4.0"

[[projects]]
  digest = "1:70d654305f0a3eff119bfcff87b013ab5085d8a6489e4baf84b061e1cb606793"
  name = "github.com/gogo/protobuf"
  packages = [
    "gogoproto",
    "proto",
    "protoc-gen-gogo/descriptor",
    "sortkeys",
  ]
  pruneopts = "T"
  revision = "342cbe0a04158f6dcb03ca0079991a51a4248c02"
  version = "v0.5"

[[projects]]
  branch = "master"
  digest = "1:1ba1d79f2810270045c328ae5d674321db34e3aae468eb4233883b473c5c0467"
  name = "github.com/golang/glog"
  packages = ["."]
  pruneopts = "T"
  revision = "23def4e6c14b4da8ac2ed8007337bc5eb5007998"

[[projects]]
  branch = "master"
  digest = "1:8f3489cb7352125027252a6517757cbd1706523119f1e14e20741ae8d2f70428"
  name = "github.com/golang/groupcache"
  packages = ["lru"]
  pruneopts = "T"
  revision = "c65c006176ff7ff98bb916961c7abbc6b0afc0aa"

[[projects]]
  branch = "master"
  digest = "1:c7cba6e21faab3adff6b3f6cdd4ed538fb8e54e3dcb1ef0cf04c6d33b0599bef"
  name = "github.com/golang/mock"
  packages = ["gomock"]
  pruneopts = "T"
  revision = "b3e60bcdc577185fce3cf625fc96b62857ce5574"

[[projects]]
  branch = "master"
  digest = "1:00cc3887f1c48e11a03c224b13e06e596bc61277c56bcac50d2c70ce97ad6e6e"
  name = "github.com/golang/protobuf"
  packages = [
    "proto",
    "ptypes",
    "ptypes/any",
    "ptypes/duration",
    "ptypes/timestamp",
  ]
  pruneopts = "T"
  revision = "1e59b77b52bf8e4b449a57e6f79f21226d571845"

[[projects]]
  branch = "master"
  digest = "1:cf5bb7d7c59d8313289e5b756e24462cacd958d1e6db3bdbe1c800c677ad0f94"
  name = "github.com/golang/snappy"
  packages = ["."]
  pruneopts = "T"
  revision = "553a641470496b2327abcac10b36396bd98e45c9"

[[projects]]
  branch = "master"
  digest = "1:0bfbe13936953a98ae3cfe8ed6670d396ad81edf069a806d2f6515d7bb6950df"
  name = "github.com/google/btree"
  packages = ["."]
  pruneopts = "T"
  revision = "4030bb1f1f0c35b30ca7009e9ebd06849dd45306"

[[projects]]
  branch = "master"
  digest = "1:3ee90c0d94da31b442dde97c99635aaafec68d0b8a3c12ee2075c6bdabeec6bb"
  name = "github.com/google/gofuzz"
  packages = ["."]
  pruneopts = "T"
  revision = "24818f796faf91cd76ec7bddd72458fbced7a6c1"

[[projects]]
  digest = "1:35735e2255fa34521c2a1355fb2a3a2300bc9949f487be1c1ce8ee8efcfa2d04"
  name = "github.com/googleapis/gnostic"
  packages = [
    "OpenAPIv2",
    "compiler",
    "extensions",
  ]
  pruneopts = "T"
  revision = "7c663266750e7d82587642f65e60bc4083f1f84e"
  version = "v0.2.0"

[[projects]]
  branch = "master"
  digest = "1:4607fd19c69c3deee61840fca759fedb3908e4fcb09385e2f3783b93e0035c73"
  name = "github.com/gregjones/httpcache"
  packages = [
    ".",
    "diskcache",
  ]
  pruneopts = "T"
  revision = "9cad4c3443a7200dd6400aef47183728de563a38"

[[projects]]
  digest = "1:f47d6109c2034cb16bd62b220e18afd5aa9d5a1630fe5d937ad96a4fb7cbb277"
  name = "github.com/hashicorp/go-cleanhttp"
  packages = ["."]
  pruneopts = "T"
  revision = "e8ab9daed8d1ddd2d3c4efba338fe2eeae2e4f18"
  version = "v0.5.0"

[[projects]]
  branch = "master"
  digest = "1:63849c5c28f8b294e098f316de8dcd09e49d3c4871452a51a49c14b345b0a2ac"
  name = "github.com/hashicorp/go-getter"
  packages = [
    ".",
    "helper/url",
  ]
  pruneopts = "T"
  revision = "be39683deade1b3613258f751a2fad316d7b5e7c"

[[projects]]
  digest = "1:605c47454db9040e30b20dc1b29e3e9d42d6ee742545729cdef74afb1b898ad0"
  name = "github.com/hashicorp/go-safetemp"
  packages = ["."]
  pruneopts = "T"
  revision = "c9a55de4fe06c920a71964b53cfe3dd293a3c743"
  version = "v1.0.0"

[[projects]]
  digest = "1:77395dd3847dac9c45118c668f5dab85aedf0163dc3b38aea6578c5cf0d502f9"
  name = "github.com/hashicorp/go-version"
  packages = ["."]
  pruneopts = "T"
  revision = "b5a281d3160aa11950a6182bd9a9dc2cb1e02d50"
  version = "v1.0.0"

[[projects]]
  digest = "1:8ec8d88c248041a6df5f6574b87bc00e7e0b493881dad2e7ef47b11dc69093b5"
  name = "github.com/hashicorp/golang-lru"
  packages = [
    ".",
    "simplelru",
  ]
  pruneopts = "T"
  revision = "20f1fb78b0740ba8c3cb143a61e86ba5c8669768"
  version = "v0.5.0"

[[projects]]
  digest = "1:3477d9dd8c135faab978bac762eaeafb31f28d6da97ef500d5c271966f74140a"
  name = "github.com/imdario/mergo"
  packages = ["."]
  pruneopts = "T"
  revision = "9f23e2d6bd2a77f959b2bf6acdbefd708a83a4a4"
  version = "v0.3.6"

[[projects]]
  digest = "1:52885e16e8412eb69db7d8d4255cb3214b70ffaef144cad91e9737684f838936"
  name = "github.com/jinzhu/gorm"
  packages = [
    ".",
    "dialects/mysql",
  ]
  pruneopts = "T"
  revision = "5174cc5c242a728b435ea2be8a2f7f998e15429b"
  version = "v1.0"

[[projects]]
  branch = "master"
  digest = "1:2cf1e05311b662e68d938f6655c6c5a44ae0e6b3995e390c75fcd8224afa48df"
  name = "github.com/jinzhu/inflection"
  packages = ["."]
  pruneopts = "T"
  revision = "1c35d901db3da928c72a72d8458480cc9ade058f"

[[projects]]
  digest = "1:b3f2dea8fe8eadb5833f7c8a2ef35dae07308bf7a4d0fee7f37774314e1964d3"
  name = "github.com/jmespath/go-jmespath"
  packages = ["."]
  pruneopts = "T"
  revision = "c2b33e84"

[[projects]]
  digest = "1:5d713dbcad44f3358fec51fd5573d4f733c02cac5a40dcb177787ad5ffe9272f"
  name = "github.com/json-iterator/go"
  packages = ["."]
  pruneopts = "T"
  revision = "1624edc4454b8682399def8740d46db5e4362ba4"
  version = "v1.1.5"

[[projects]]
  branch = "master"
  digest = "1:70107cf7ee5eb9e3c3dabe65bcb220bff22ee42e32d9b7fca988e16b8727cacc"
  name = "github.com/juju/errors"
  packages = ["."]
  pruneopts = "T"
  revision = "c7d06af17c68cd34c835053720b21f6549d9b0ee"

[[projects]]
  digest = "1:d4d17353dbd05cb52a2a52b7fe1771883b682806f68db442b436294926bbfafb"
  name = "github.com/mattn/go-isatty"
  packages = ["."]
  pruneopts = "T"
  revision = "0360b2af4f38e8d38c7fce2a9f4e702702d73a39"
  version = "v0.0.3"

[[projects]]
  digest = "1:4a83abc6be2399d91925b820f56ec273770d0768a90a10a6d2b132a2dfc51aa8"
  name = "github.com/matttproud/golang_protobuf_extensions"
  packages = ["pbutil"]
  pruneopts = "T"
  revision = "3247c84500bff8d9fb6d579d800f20b3e091582c"
  version = "v1.0.0"

[[projects]]
  digest = "1:78bbb1ba5b7c3f2ed0ea1eab57bdd3859aec7e177811563edc41198a760b06af"
  name = "github.com/mitchellh/go-homedir"
  packages = ["."]
  pruneopts = "T"
  revision = "ae18d6b8b3205b561c79e8e5f69bff09736185f4"
  version = "v1.0.0"

[[projects]]
  digest = "1:42eb1f52b84a06820cedc9baec2e710bfbda3ee6dac6cdb97f8b9a5066134ec6"
  name = "github.com/mitchellh/go-testing-interface"
  packages = ["."]
  pruneopts = "T"
  revision = "6d0b8010fcc857872e42fc6c931227569016843c"
  version = "v1.0.0"

[[projects]]
  digest = "1:53bc4cd4914cd7cd52139990d5170d6dc99067ae31c56530621b18b35fc30318"
  name = "github.com/mitchellh/mapstructure"
  packages = ["."]
  pruneopts = "T"
  revision = "3536a929edddb9a5b34bd6861dc4a9647cb459fe"
  version = "v1.1.2"

[[projects]]
  digest = "1:33422d238f147d247752996a26574ac48dcf472976eda7f5134015f06bf16563"
  name = "github.com/modern-go/concurrent"
  packages = ["."]
  pruneopts = "T"
  revision = "bacd9c7ef1dd9b15be4a9909b8ac7a4e313eec94"
  version = "1.0.3"

[[projects]]
  digest = "1:e32bdbdb7c377a07a9a46378290059822efdce5c8d96fe71940d87cb4f918855"
  name = "github.com/modern-go/reflect2"
  packages = ["."]
  pruneopts = "T"
  revision = "4b7aa43c6742a2c18fdef89dd197aaae7dac7ccd"
  version = "1.0.1"

[[projects]]
  digest = "1:0e65a0b6d1aa037a552285666ed4ed79c1c1944c95d3123750f618920ade9033"
  name = "github.com/onsi/ginkgo"
  packages = [
    ".",
    "config",
    "internal/codelocation",
    "internal/containernode",
    "internal/failer",
    "internal/leafnodes",
    "internal/remote",
    "internal/spec",
    "internal/spec_iterator",
    "internal/specrunner",
    "internal/suite",
    "internal/testingtproxy",
    "internal/writer",
    "reporters",
    "reporters/stenographer",
    "reporters/stenographer/support/go-colorable",
    "reporters/stenographer/support/go-isatty",
    "types",
  ]
  pruneopts = "T"
  revision = "9eda700730cba42af70d53180f9dcce9266bc2bc"
  version = "v1.4.0"

[[projects]]
  digest = "1:e888ccf1bd58db294bb6c6097d093eef6d0c039419de37ffdb74ba216f788970"
  name = "github.com/onsi/gomega"
  packages = [
    ".",
    "format",
    "gstruct",
    "gstruct/errors",
    "internal/assertion",
    "internal/asyncassertion",
    "internal/oraclematcher",
    "internal/testingtsupport",
    "matchers",
    "matchers/support/goraph/bipartitegraph",
    "matchers/support/goraph/edge",
    "matchers/support/goraph/node",
    "matchers/support/goraph/util",
    "types",
  ]
  pruneopts = "T"
  revision = "c893efa28eb45626cdaa76c9f653b62488858837"
  version = "v1.2.0"

[[projects]]
  branch = "master"
  digest = "1:0c29d499ffc3b9f33e7136444575527d0c3a9463a89b3cbeda0523b737f910b3"
  name = "github.com/petar/GoLLRB"
  packages = ["llrb"]
  pruneopts = "T"
  revision = "53be0d36a84c2a886ca057d34b6aa4468df9ccb4"

[[projects]]
  digest = "1:598241bd36d3a5f6d9102a306bd9bf78f3bc253672460d92ac70566157eae648"
  name = "github.com/peterbourgon/diskv"
  packages = ["."]
  pruneopts = "T"
  revision = "5f041e8faa004a95c88a202771f4cc3e991971e6"
  version = "v2.0.1"

[[projects]]
  digest = "1:13133d4fbb2910390ad841db3a22c5cb30bacd43a120f9e47042c2e93b93fe32"
  name = "github.com/pierrec/lz4"
  packages = ["."]
  pruneopts = "T"
  revision = "08c27939df1bd95e881e2c2367a749964ad1fceb"
  version = "v1.0.1"

[[projects]]
  digest = "1:f769d2bdf0d6d18eb8db838559d71d039fc0692824a31415259137a87f08aeb9"
  name = "github.com/pierrec/xxHash"
  packages = ["xxHash32"]
  pruneopts = "T"
  revision = "f051bb7f1d1aaf1b5a665d74fb6b0217712c69f7"
  version = "v0.1.1"

[[projects]]
  digest = "1:ea261e1479d92802a6e274d33c126d54c12edec06c36bf0999d04aeca936f184"
  name = "github.com/pingcap/errors"
  packages = ["."]
  pruneopts = "T"
  revision = "1176802fff62540cc87d289bd40c52a2d6b2ea16"
  version = "v0.11.0"

[[projects]]
  branch = "master"
  digest = "1:20b0d5f100d9373f4cffc2914dde36b6cd4120b5c0af74e59a4cbed0268e18d1"
  name = "github.com/pingcap/parser"
  packages = [
    ".",
    "ast",
    "auth",
    "charset",
    "format",
    "model",
    "mysql",
    "opcode",
    "terror",
    "types",
  ]
  pruneopts = "T"
  revision = "fdccc3290b115557ceee44e21578b58005666fbf"

[[projects]]
  digest = "1:0595d1ec1131e51470c9d63eb3f44f4df989b5c03f0b2148a521401abf1c6f0b"
  name = "github.com/pingcap/tidb"
  packages = ["util/hack"]
  pruneopts = "T"
  revision = "a2a48b30851fbe3d422417d8a28b2f92cfa6974e"
  version = "v1.1.0-alpha.1"

[[projects]]
  branch = "master"
  digest = "1:65cff312e6a21a97855211414cf35cf1c2c5a3fcf5dac668155f042a0c0876e8"
  name = "github.com/pingcap/tipb"
  packages = [
    "go-tipb",
    "sharedbytes",
  ]
  pruneopts = "T"
  revision = "a7fd2aaa9719b64c2de3f6c6cd7cb235cb701b56"

[[projects]]
  digest = "1:22aa691fe0213cb5c07d103f9effebcb7ad04bee45a0ce5fe5369d0ca2ec3a1f"
  name = "github.com/pmezard/go-difflib"
  packages = ["difflib"]
  pruneopts = "T"
  revision = "792786c7400a136282c1664665ae0a8db921c6c2"
  version = "v1.0.0"

[[projects]]
  digest = "1:982a7f214f928ef1fcef5c098a0bf2f7ced1a55afc3826c4efb081312fb42624"
  name = "github.com/prometheus/client_golang"
  packages = [
    "prometheus",
    "prometheus/promhttp",
  ]
  pruneopts = "T"
  revision = "c5b7fccd204277076155f10851dad72b76a49317"
  version = "v0.8.0"

[[projects]]
  branch = "master"
  digest = "1:60aca47f4eeeb972f1b9da7e7db51dee15ff6c59f7b401c1588b8e6771ba15ef"
  name = "github.com/prometheus/client_model"
  packages = ["go"]
  pruneopts = "T"
  revision = "99fa1f4be8e564e8a6b613da7fa6f46c9edafc6c"

[[projects]]
  branch = "master"
  digest = "1:ba39ff650ba467cf7cb657617f847f235f11355c977d70dc9b3df5e025a0a6e4"
  name = "github.com/prometheus/common"
  packages = [
    "expfmt",
    "internal/bitbucket.org/ww/goautoneg",
    "model",
  ]
  pruneopts = "T"
  revision = "2e54d0b93cba2fd133edc32211dcc32c06ef72ca"

[[projects]]
  branch = "master"
  digest = "1:e353cbf6c0aee215d3292436d84f8ba2fb97a1a80f2dbb698e69377a3b39dfee"
  name = "github.com/prometheus/procfs"
  packages = [
    ".",
    "xfs",
  ]
  pruneopts = "T"
  revision = "a6e9df898b1336106c743392c48ee0b71f5c4efa"

[[projects]]
  branch = "master"
  digest = "1:5008fc15d42683056cbb628a5d10acda3b3b88d720573893adc42d0f5fce4cb5"
  name = "github.com/rcrowley/go-metrics"
  packages = ["."]
  pruneopts = "T"
  revision = "e181e095bae94582363434144c61a9653aff6e50"

[[projects]]
  digest = "1:34a99dd0852c5c9c16e9b86884e9e0cb3e4a7a01df4dea7913f85ea7fb786bbe"
  name = "github.com/satori/go.uuid"
  packages = ["."]
  pruneopts = "T"
  revision = "879c5887cd475cd7864858769793b2ceb0d44feb"
  version = "v1.1.0"

[[projects]]
  branch = "master"
  digest = "1:52a20d0c1ef4df03c40e11c566840890c52a3bbbcb64a1f3f56c6a84e09b50ed"
  name = "github.com/serialx/hashring"
  packages = ["."]
  pruneopts = "T"
  revision = "6a9381c5a83e926b9f1fd907395a581e69747e96"

[[projects]]
  digest = "1:81e02c4edb639c80559c0650f9401d3e2dcc3256d1fa215382bb7c83c1db9126"
  name = "github.com/shopspring/decimal"
  packages = ["."]
  pruneopts = "T"
  revision = "cd690d0c9e2447b1ef2a129a6b7b49077da89b8e"
  version = "1.1.0"

[[projects]]
  branch = "master"
  digest = "1:0df3c5b42fc642fadec4766b8f199fd1ef5e621f1095b86afd68078c67e860d6"
  name = "github.com/siddontang/go"
  packages = [
    "hack",
    "sync2",
  ]
  pruneopts = "T"
  revision = "cb568a3e5cc06256f91a2da5a87455f717eb33f4"

[[projects]]
  branch = "master"
  digest = "1:7b44607400adacc24328930e49122b1ef1e289f2e53ab34a15d2fbee93153fb7"
  name = "github.com/siddontang/go-mysql"
  packages = [
    "client",
    "mysql",
    "packet",
    "replication",
  ]
  pruneopts = "T"
  revision = "1211118e056174bd2c50e170788535edb2cc8a47"
  source = "github.com/zhaohaidao/go-mysql"

[[projects]]
  digest = "1:ecd80184c49d481d066c1ffba775e60915aa551260736f849318780383d410a0"
  name = "github.com/sirupsen/logrus"
  packages = ["."]
  pruneopts = "T"
  revision = "f006c2ac4710855cf0f916dd6b77acf6b048dc6e"
  version = "v1.0.3"

[[projects]]
  digest = "1:9ba911fe3884995431690e7eb180cf848da0d637ba5f61711783b795d031793f"
  name = "github.com/spf13/pflag"
  packages = ["."]
  pruneopts = "T"
  revision = "9a97c102cda95a86cec2345a6f09f55a939babf5"
  version = "v1.0.2"

[[projects]]
  digest = "1:e95496462101745805bd4e041a5b841e108c7cf761264d53648246308de2761e"
  name = "github.com/stretchr/testify"
  packages = [
    "assert",
    "require",
  ]
  pruneopts = "T"
  revision = "f35b8ab0b5a2cef36673838d662e249dd9c94686"
  version = "v1.2.2"

[[projects]]
  digest = "1:13cf97e92d25e533b983f6667e80908fb3229bd15b85c288cb66eedb1251cbbf"
  name = "github.com/ugorji/go"
  packages = ["codec"]
  pruneopts = "T"
  revision = "9831f2c3ac1068a78f50999a30db84270f647af6"
  version = "v1.1"

[[projects]]
  digest = "1:b99e81bbdc81bf88e4ab5944449d714854541cee589dc69475d3a58a8085aafa"
  name = "github.com/ulikunitz/xz"
  packages = [
    ".",
    "internal/hash",
    "internal/xlog",
    "lzma",
  ]
  pruneopts = "T"
  revision = "590df8077fbcb06ad62d7714da06c00e5dd2316d"
  version = "v0.5.5"

[[projects]]
  branch = "master"
  digest = "1:bda1f9fe7774815f97ed447f00e5894aaa1defc1f5e128972177d2b5bcc761d2"
  name = "golang.org/x/crypto"
  packages = ["ssh/terminal"]
  pruneopts = "T"
  revision = "94eea52f7b742c7cbe0b03b22f0c4c8631ece122"

[[projects]]
  branch = "master"
  digest = "1:286a078a4de0e57bbb0e4bcd540a77c2fb0400af6fb474b6d8cddc973fa0dfe0"
  name = "golang.org/x/net"
  packages = [
    "context",
    "html",
    "html/atom",
    "html/charset",
    "http2",
    "http2/hpack",
    "idna",
    "internal/timeseries",
    "lex/httplex",
    "trace",
  ]
  pruneopts = "T"
  revision = "a8b9294777976932365dabb6640cf1468d95c70f"

[[projects]]
  branch = "master"
  digest = "1:e194e1af5851fab686b58bcca29ddf7680700b69553eac95533aa18d2c25a67b"
  name = "golang.org/x/sys"
  packages = [
    "unix",
    "windows",
  ]
  pruneopts = "T"
  revision = "8b4580aae2a0dd0c231a45d3ccb8434ff533b840"

[[projects]]
  branch = "master"
  digest = "1:ccf14977cd23bbba1dc759147c144eca29fff9c7ed5c8d7125db4543b13623cf"
  name = "golang.org/x/text"
  packages = [
    "collate",
    "collate/build",
    "encoding",
    "encoding/charmap",
    "encoding/htmlindex",
    "encoding/internal",
    "encoding/internal/identifier",
    "encoding/japanese",
    "encoding/korean",
    "encoding/simplifiedchinese",
    "encoding/traditionalchinese",
    "encoding/unicode",
    "internal/colltab",
    "internal/gen",
    "internal/tag",
    "internal/triegen",
    "internal/ucd",
    "internal/utf8internal",
    "language",
    "runes",
    "secure/bidirule",
    "transform",
    "unicode/bidi",
    "unicode/cldr",
    "unicode/norm",
    "unicode/rangetable",
  ]
  pruneopts = "T"
  revision = "75cc3cad82b5f47d3fb229ddda8c5167da14f294"

[[projects]]
  branch = "master"
  digest = "1:59a73243379bd5412feb268ec3d9ec0c55acb596ce15fdf937ec29ea6dab441f"
  name = "golang.org/x/time"
  packages = ["rate"]
  pruneopts = "T"
  revision = "fbb02b2291d28baffd63558aa44b4b56f178d650"

[[projects]]
  branch = "master"
  digest = "1:a4c6b25d36a216f1e5cf3429911bc43c4d885180dd021b843ddeb7becb3bfeb7"
  name = "golang.org/x/tools"
  packages = [
    "go/ast/astutil",
    "imports",
    "internal/fastwalk",
  ]
  pruneopts = "T"
  revision = "f6ba5742950514ddd66494151ed5498ed77969ca"

[[projects]]
  digest = "1:57110331f17b52e924ef93f28e20a2dd67101a487e578d02cd48af7dd357e6fe"
  name = "google.golang.org/appengine"
  packages = ["cloudsql"]
  pruneopts = "T"
  revision = "b1f26356af11148e710935ed1ac8a7f5702c7612"
  version = "v1.1.0"

[[projects]]
  branch = "master"
  digest = "1:5fd3150780f0f57f96eb1398b599506711c94c4e4a515842049b614f9b890e00"
  name = "google.golang.org/genproto"
  packages = ["googleapis/rpc/status"]
  pruneopts = "T"
  revision = "a8101f21cf983e773d0c1133ebc5424792003214"

[[projects]]
  digest = "1:6ea1cad61fad02bf8374bac0f91a93aed7807044281a8c64252ce8b578c92ad6"
  name = "google.golang.org/grpc"
  packages = [
    ".",
    "balancer",
    "balancer/base",
    "balancer/roundrobin",
    "codes",
    "connectivity",
    "credentials",
    "encoding",
    "grpclb/grpc_lb_v1/messages",
    "grpclog",
    "health/grpc_health_v1",
    "internal",
    "keepalive",
    "metadata",
    "naming",
    "peer",
    "resolver",
    "resolver/dns",
    "resolver/passthrough",
    "stats",
    "status",
    "tap",
    "transport",
  ]
  pruneopts = "T"
  revision = "7cea4cc846bcf00cbb27595b07da5de875ef7de9"
  version = "v1.9.1"

[[projects]]
  digest = "1:9e96087ee84ca7a3e93c8df64360fdbfc892b2d9147eddbda5cb4ac421f1f6e2"
  name = "gopkg.in/DATA-DOG/go-sqlmock.v1"
  packages = ["."]
  pruneopts = "T"
  revision = "d76b18b42f285b792bf985118980ce9eacea9d10"
  version = "v1.3.0"

[[projects]]
  branch = "master"
  digest = "1:1c2b2f3918a719de530bd184a55b1a44013b94bab9951f4889a705e552ba3c61"
  name = "gopkg.in/birkirb/loggers.v1"
  packages = [
    ".",
    "log",
    "mappers",
    "mappers/stdlib",
  ]
  pruneopts = "T"
  revision = "fa51471f8169216876525e7b6c9fbd0c8789b57a"
  source = "https://github.com/siddontang/loggers.git"

[[projects]]
  digest = "1:02714116710abce990f3fa478f52c8e7029590ef13f35aab723beecdf829f136"
  name = "gopkg.in/go-playground/validator.v8"
  packages = ["."]
  pruneopts = "T"
  revision = "5f1438d3fca68893a817e4a66806cea46a9e4ebf"
  version = "v8.18.2"

[[projects]]
  digest = "1:2d1fbdc6777e5408cabeb02bf336305e724b925ff4546ded0fa8715a7267922a"
  name = "gopkg.in/inf.v0"
  packages = ["."]
  pruneopts = "T"
  revision = "d2d2541c53f18d2a059457998ce2876cc8e67cbf"
  version = "v0.9.1"

[[projects]]
  branch = "v2"
  digest = "1:a408d15205171c9623ae8b1b3f221ff1c9fbaf003bb46275d4cb1e3ba9f68508"
  name = "gopkg.in/mgo.v2"
  packages = [
    ".",
    "bson",
    "internal/json",
    "internal/sasl",
    "internal/scram",
  ]
  pruneopts = "T"
  revision = "3f83fa5005286a7fe593b055f0d7771a7dce4655"

[[projects]]
  digest = "1:c805e517269b0ba4c21ded5836019ed7d16953d4026cb7d00041d039c7906be9"
  name = "gopkg.in/natefinch/lumberjack.v2"
  packages = ["."]
  pruneopts = "T"
  revision = "a96e63847dc3c67d17befa69c303767e2f84e54f"
  version = "v2.1"

[[projects]]
  branch = "v2"
  digest = "1:c46d0fb245dbc49cb816b3e2818d1830e29d03bee1663b1e201f3ed918ec6e60"
  name = "gopkg.in/yaml.v2"
  packages = ["."]
  pruneopts = "T"
  revision = "287cf08546ab5e7e37d55a84f7ed3fd1db036de5"

[[projects]]
  digest = "1:75905606c2db8d9526ccff0acf5655759afe3d901d1d64868bd87985b4a46e36"
  name = "k8s.io/api"
  packages = [
    "admissionregistration/v1alpha1",
    "admissionregistration/v1beta1",
    "apps/v1",
    "apps/v1beta1",
    "apps/v1beta2",
    "authentication/v1",
    "authentication/v1beta1",
    "authorization/v1",
    "authorization/v1beta1",
    "autoscaling/v1",
    "autoscaling/v2beta1",
    "batch/v1",
    "batch/v1beta1",
    "batch/v2alpha1",
    "certificates/v1beta1",
    "core/v1",
    "events/v1beta1",
    "extensions/v1beta1",
    "networking/v1",
    "policy/v1beta1",
    "rbac/v1",
    "rbac/v1alpha1",
    "rbac/v1beta1",
    "scheduling/v1alpha1",
    "scheduling/v1beta1",
    "settings/v1alpha1",
    "storage/v1",
    "storage/v1alpha1",
    "storage/v1beta1",
  ]
  pruneopts = "T"
  revision = "2d6f90ab1293a1fb871cf149423ebb72aa7423aa"
  version = "kubernetes-1.11.1"

[[projects]]
  digest = "1:e2035d60919705a125feeb8b13926383aff8817634b2c4550743c19ca21f3b08"
  name = "k8s.io/apimachinery"
  packages = [
    "pkg/api/errors",
    "pkg/api/meta",
    "pkg/api/resource",
    "pkg/apis/meta/internalversion",
    "pkg/apis/meta/v1",
    "pkg/apis/meta/v1/unstructured",
    "pkg/apis/meta/v1beta1",
    "pkg/conversion",
    "pkg/conversion/queryparams",
    "pkg/fields",
    "pkg/labels",
    "pkg/runtime",
    "pkg/runtime/schema",
    "pkg/runtime/serializer",
    "pkg/runtime/serializer/json",
    "pkg/runtime/serializer/protobuf",
    "pkg/runtime/serializer/recognizer",
    "pkg/runtime/serializer/streaming",
    "pkg/runtime/serializer/versioning",
    "pkg/selection",
    "pkg/types",
    "pkg/util/cache",
    "pkg/util/clock",
    "pkg/util/diff",
    "pkg/util/errors",
    "pkg/util/framer",
    "pkg/util/intstr",
    "pkg/util/json",
    "pkg/util/mergepatch",
    "pkg/util/net",
    "pkg/util/rand",
    "pkg/util/runtime",
    "pkg/util/sets",
    "pkg/util/strategicpatch",
    "pkg/util/validation",
    "pkg/util/validation/field",
    "pkg/util/wait",
    "pkg/util/yaml",
    "pkg/version",
    "pkg/watch",
    "third_party/forked/golang/json",
    "third_party/forked/golang/reflect",
  ]
  pruneopts = "T"
  revision = "103fd098999dc9c0c88536f5c9ad2e5da39373ae"
  version = "kubernetes-1.11.1"

[[projects]]
  digest = "1:4d3b83887b0986aa055a85128fa06fb39f60230b130ab191af4b488655c18455"
  name = "k8s.io/client-go"
  packages = [
    "discovery",
    "discovery/fake",
    "dynamic",
    "informers",
    "informers/admissionregistration",
    "informers/admissionregistration/v1alpha1",
    "informers/admissionregistration/v1beta1",
    "informers/apps",
    "informers/apps/v1",
    "informers/apps/v1beta1",
    "informers/apps/v1beta2",
    "informers/autoscaling",
    "informers/autoscaling/v1",
    "informers/autoscaling/v2beta1",
    "informers/batch",
    "informers/batch/v1",
    "informers/batch/v1beta1",
    "informers/batch/v2alpha1",
    "informers/certificates",
    "informers/certificates/v1beta1",
    "informers/core",
    "informers/core/v1",
    "informers/events",
    "informers/events/v1beta1",
    "informers/extensions",
    "informers/extensions/v1beta1",
    "informers/internalinterfaces",
    "informers/networking",
    "informers/networking/v1",
    "informers/policy",
    "informers/policy/v1beta1",
    "informers/rbac",
    "informers/rbac/v1",
    "informers/rbac/v1alpha1",
    "informers/rbac/v1beta1",
    "informers/scheduling",
    "informers/scheduling/v1alpha1",
    "informers/scheduling/v1beta1",
    "informers/settings",
    "informers/settings/v1alpha1",
    "informers/storage",
    "informers/storage/v1",
    "informers/storage/v1alpha1",
    "informers/storage/v1beta1",
    "kubernetes",
    "kubernetes/scheme",
    "kubernetes/typed/admissionregistration/v1alpha1",
    "kubernetes/typed/admissionregistration/v1beta1",
    "kubernetes/typed/apps/v1",
    "kubernetes/typed/apps/v1beta1",
    "kubernetes/typed/apps/v1beta2",
    "kubernetes/typed/authentication/v1",
    "kubernetes/typed/authentication/v1beta1",
    "kubernetes/typed/authorization/v1",
    "kubernetes/typed/authorization/v1beta1",
    "kubernetes/typed/autoscaling/v1",
    "kubernetes/typed/autoscaling/v2beta1",
    "kubernetes/typed/batch/v1",
    "kubernetes/typed/batch/v1beta1",
    "kubernetes/typed/batch/v2alpha1",
    "kubernetes/typed/certificates/v1beta1",
    "kubernetes/typed/core/v1",
    "kubernetes/typed/events/v1beta1",
    "kubernetes/typed/extensions/v1beta1",
    "kubernetes/typed/networking/v1",
    "kubernetes/typed/policy/v1beta1",
    "kubernetes/typed/rbac/v1",
    "kubernetes/typed/rbac/v1alpha1",
    "kubernetes/typed/rbac/v1beta1",
    "kubernetes/typed/scheduling/v1alpha1",
    "kubernetes/typed/scheduling/v1beta1",
    "kubernetes/typed/settings/v1alpha1",
    "kubernetes/typed/storage/v1",
    "kubernetes/typed/storage/v1alpha1",
    "kubernetes/typed/storage/v1beta1",
    "listers/admissionregistration/v1alpha1",
    "listers/admissionregistration/v1beta1",
    "listers/apps/v1",
    "listers/apps/v1beta1",
    "listers/apps/v1beta2",
    "listers/autoscaling/v1",
    "listers/autoscaling/v2beta1",
    "listers/batch/v1",
    "listers/batch/v1beta1",
    "listers/batch/v2alpha1",
    "listers/certificates/v1beta1",
    "listers/core/v1",
    "listers/events/v1beta1",
    "listers/extensions/v1beta1",
    "listers/networking/v1",
    "listers/policy/v1beta1",
    "listers/rbac/v1",
    "listers/rbac/v1alpha1",
    "listers/rbac/v1beta1",
    "listers/scheduling/v1alpha1",
    "listers/scheduling/v1beta1",
    "listers/settings/v1alpha1",
    "listers/storage/v1",
    "listers/storage/v1alpha1",
    "listers/storage/v1beta1",
    "pkg/apis/clientauthentication",
    "pkg/apis/clientauthentication/v1alpha1",
    "pkg/apis/clientauthentication/v1beta1",
    "pkg/version",
    "plugin/pkg/client/auth/exec",
    "rest",
    "rest/watch",
    "testing",
    "tools/auth",
    "tools/cache",
    "tools/clientcmd",
    "tools/clientcmd/api",
    "tools/clientcmd/api/latest",
    "tools/clientcmd/api/v1",
    "tools/metrics",
    "tools/pager",
    "tools/record",
    "tools/reference",
    "transport",
    "util/buffer",
    "util/cert",
    "util/connrotation",
    "util/flowcontrol",
    "util/homedir",
    "util/integer",
    "util/retry",
    "util/workqueue",
  ]
  pruneopts = "T"
  revision = "59698c7d9724b0f95f9dc9e7f7dfdcc3dfeceb82"
  version = "kubernetes-1.11.1"

[[projects]]
  digest = "1:8ab487a323486c8bbbaa3b689850487fdccc6cbea8690620e083b2d230a4447e"
  name = "k8s.io/code-generator"
  packages = [
    "cmd/client-gen",
    "cmd/client-gen/args",
    "cmd/client-gen/generators",
    "cmd/client-gen/generators/fake",
    "cmd/client-gen/generators/scheme",
    "cmd/client-gen/generators/util",
    "cmd/client-gen/path",
    "cmd/client-gen/types",
    "pkg/util",
  ]
  pruneopts = "T"
  revision = "6702109cc68eb6fe6350b83e14407c8d7309fd1a"
  version = "kubernetes-1.11.1"

[[projects]]
  digest = "1:7af412cbc24db8acdb4ae2ea06fe3356553166d36b1d13a1064e6bc202bcc71b"
  name = "k8s.io/gengo"
  packages = [
    "args",
    "generator",
    "namer",
    "parser",
    "types",
  ]
  pruneopts = "T"
  revision = "01a732e01d00cb9a81bb0ca050d3e6d2b947927b"

[[projects]]
  branch = "master"
  digest = "1:af6d1b699a66ef35772a467223835d1114fe371fcd8a2346fc47d7f0d2dc22f3"
  name = "k8s.io/kube-openapi"
  packages = ["pkg/util/proto"]
  pruneopts = "T"
  revision = "a9a16210091c9a2b6a937e06a182955c03654c4c"

[solve-meta]
  analyzer-name = "dep"
  analyzer-version = 1
  input-imports = [
    "github.com/BurntSushi/toml",
    "github.com/Shopify/sarama",
    "github.com/coreos/etcd/clientv3",
    "github.com/coreos/etcd/mvcc/mvccpb",
    "github.com/fsnotify/fsnotify",
    "github.com/gin-gonic/gin",
    "github.com/go-sql-driver/mysql",
    "github.com/golang/mock/gomock",
    "github.com/golang/protobuf/proto",
    "github.com/hashicorp/go-getter",
    "github.com/jinzhu/gorm",
    "github.com/jinzhu/gorm/dialects/mysql",
    "github.com/json-iterator/go",
    "github.com/juju/errors",
    "github.com/mitchellh/mapstructure",
    "github.com/onsi/ginkgo",
    "github.com/onsi/gomega",
    "github.com/onsi/gomega/gstruct",
    "github.com/pingcap/parser",
    "github.com/pingcap/parser/ast",
    "github.com/prometheus/client_golang/prometheus",
    "github.com/prometheus/client_golang/prometheus/promhttp",
    "github.com/satori/go.uuid",
    "github.com/serialx/hashring",
    "github.com/shopspring/decimal",
    "github.com/siddontang/go-mysql/mysql",
    "github.com/siddontang/go-mysql/replication",
    "github.com/siddontang/go/sync2",
    "github.com/sirupsen/logrus",
    "github.com/stretchr/testify/assert",
    "github.com/stretchr/testify/require",
    "golang.org/x/net/context",
    "google.golang.org/grpc",
    "gopkg.in/DATA-DOG/go-sqlmock.v1",
    "gopkg.in/mgo.v2",
    "gopkg.in/mgo.v2/bson",
    "gopkg.in/natefinch/lumberjack.v2",
    "gopkg.in/yaml.v2",
    "k8s.io/api/apps/v1",
    "k8s.io/api/core/v1",
    "k8s.io/apimachinery/pkg/api/errors",
    "k8s.io/apimachinery/pkg/api/resource",
    "k8s.io/apimachinery/pkg/apis/meta/v1",
    "k8s.io/apimachinery/pkg/labels",
    "k8s.io/apimachinery/pkg/runtime",
    "k8s.io/apimachinery/pkg/runtime/schema",
    "k8s.io/apimachinery/pkg/runtime/serializer",
    "k8s.io/apimachinery/pkg/types",
    "k8s.io/apimachinery/pkg/util/intstr",
    "k8s.io/apimachinery/pkg/util/rand",
    "k8s.io/apimachinery/pkg/util/runtime",
    "k8s.io/apimachinery/pkg/util/wait",
    "k8s.io/apimachinery/pkg/watch",
    "k8s.io/client-go/discovery",
    "k8s.io/client-go/discovery/fake",
    "k8s.io/client-go/dynamic",
    "k8s.io/client-go/informers",
    "k8s.io/client-go/informers/apps/v1",
    "k8s.io/client-go/informers/core/v1",
    "k8s.io/client-go/kubernetes",
    "k8s.io/client-go/kubernetes/typed/core/v1",
    "k8s.io/client-go/listers/apps/v1",
    "k8s.io/client-go/listers/core/v1",
    "k8s.io/client-go/rest",
    "k8s.io/client-go/testing",
    "k8s.io/client-go/tools/cache",
    "k8s.io/client-go/tools/clientcmd",
    "k8s.io/client-go/tools/record",
    "k8s.io/client-go/util/flowcontrol",
    "k8s.io/client-go/util/workqueue",
    "k8s.io/code-generator/cmd/client-gen",
  ]
  solver-name = "gps-cdcl"
  solver-version = 1
